
Microsoft Visual Studio Solution File, Format Version 12.00
Project("{FAE04EC0-301F-11D3-BF4B-00C04F79EFBC}") = "RinhaBackendAPI2024Q1", "RinhaBackendAPI2024Q1.csproj", "{C14DECB1-198D-4ABA-BC84-E80603425085}"
EndProject
Global
	GlobalSection(SolutionConfigurationPlatforms) = preSolution
		Debug|Any CPU = Debug|Any CPU
		Release|Any CPU = Release|Any CPU
	EndGlobalSection
	GlobalSection(ProjectConfigurationPlatforms) = postSolution
		{C14DECB1-198D-4ABA-BC84-E80603425085}.Debug|Any CPU.ActiveCfg = Debug|Any CPU
		{C14DECB1-198D-4ABA-BC84-E80603425085}.Debug|Any CPU.Build.0 = Debug|Any CPU
		{C14DECB1-198D-4ABA-BC84-E80603425085}.Release|Any CPU.ActiveCfg = Release|Any CPU
		{C14DECB1-198D-4ABA-BC84-E80603425085}.Release|Any CPU.Build.0 = Release|Any CPU
	EndGlobalSection
EndGlobal
